
Microsoft Visual Studio Solution File, Format Version 12.00
# Visual Studio Version 16
VisualStudioVersion = 16.0.31105.61
MinimumVisualStudioVersion = 10.0.40219.1
Project("{FAE04EC0-301F-11D3-BF4B-00C04F79EFBC}") = "CurrencyConverter", "CurrencyConverter\CurrencyConverter.csproj", "{B9EABEF2-7B59-46CF-812D-5E1BF5297DC3}"
EndProject
Global
	GlobalSection(SolutionConfigurationPlatforms) = preSolution
		Debug|Any CPU = Debug|Any CPU
		Release|Any CPU = Release|Any CPU
	EndGlobalSection
	GlobalSection(ProjectConfigurationPlatforms) = postSolution
		{B9EABEF2-7B59-46CF-812D-5E1BF5297DC3}.Debug|Any CPU.ActiveCfg = Debug|Any CPU
		{B9EABEF2-7B59-46CF-812D-5E1BF5297DC3}.Debug|Any CPU.Build.0 = Debug|Any CPU
		{B9EABEF2-7B59-46CF-812D-5E1BF5297DC3}.Release|Any CPU.ActiveCfg = Release|Any CPU
		{B9EABEF2-7B59-46CF-812D-5E1BF5297DC3}.Release|Any CPU.Build.0 = Release|Any CPU
	EndGlobalSection
	GlobalSection(SolutionProperties) = preSolution
		HideSolutionNode = FALSE
	EndGlobalSection
	GlobalSection(ExtensibilityGlobals) = postSolution
		SolutionGuid = {C1A3AAD3-D178-4790-88AA-531B9C39FF42}
	EndGlobalSection
EndGlobal
